
Microsoft Visual Studio Solution File, Format Version 12.00
# Visual Studio Version 17
VisualStudioVersion = 17.8.34309.116
MinimumVisualStudioVersion = 10.0.40219.1
Project("{9A19103F-16F7-4668-BE54-9A1E7A4F7556}") = "NaychiDotNetCore.ConsoleApp", "NaychiDotNetCore.ConsoleApp\NaychiDotNetCore.ConsoleApp.csproj", "{D61813F8-BF40-48B1-9514-C7B866D51887}"
EndProject
Project("{9A19103F-16F7-4668-BE54-9A1E7A4F7556}") = "NaychiDotNetCore.MinimalApi", "NaychiDotNetCore.MinimalApi\NaychiDotNetCore.MinimalApi.csproj", "{A498BBB9-35FC-4E3A-A876-7C9D864B8411}"
EndProject
Project("{9A19103F-16F7-4668-BE54-9A1E7A4F7556}") = "NaychiDotNetCore.RestApi", "NaychiDotNetCore.RestApi\NaychiDotNetCore.RestApi.csproj", "{EC6000C5-C7D8-4104-99B2-DE719E79C849}"
EndProject
Project("{FAE04EC0-301F-11D3-BF4B-00C04F79EFBC}") = "NaychiDotNetCore.MvcApp", "NaychiDotNetCore.MvcApp\NaychiDotNetCore.MvcApp.csproj", "{53A918D5-370F-48E4-BF1F-4FC092FD0F99}"
EndProject
Global
	GlobalSection(SolutionConfigurationPlatforms) = preSolution
		Debug|Any CPU = Debug|Any CPU
		Release|Any CPU = Release|Any CPU
	EndGlobalSection
	GlobalSection(ProjectConfigurationPlatforms) = postSolution
		{D61813F8-BF40-48B1-9514-C7B866D51887}.Debug|Any CPU.ActiveCfg = Debug|Any CPU
		{D61813F8-BF40-48B1-9514-C7B866D51887}.Debug|Any CPU.Build.0 = Debug|Any CPU
		{D61813F8-BF40-48B1-9514-C7B866D51887}.Release|Any CPU.ActiveCfg = Release|Any CPU
		{D61813F8-BF40-48B1-9514-C7B866D51887}.Release|Any CPU.Build.0 = Release|Any CPU
		{A498BBB9-35FC-4E3A-A876-7C9D864B8411}.Debug|Any CPU.ActiveCfg = Debug|Any CPU
		{A498BBB9-35FC-4E3A-A876-7C9D864B8411}.Debug|Any CPU.Build.0 = Debug|Any CPU
		{A498BBB9-35FC-4E3A-A876-7C9D864B8411}.Release|Any CPU.ActiveCfg = Release|Any CPU
		{A498BBB9-35FC-4E3A-A876-7C9D864B8411}.Release|Any CPU.Build.0 = Release|Any CPU
		{EC6000C5-C7D8-4104-99B2-DE719E79C849}.Debug|Any CPU.ActiveCfg = Debug|Any CPU
		{EC6000C5-C7D8-4104-99B2-DE719E79C849}.Debug|Any CPU.Build.0 = Debug|Any CPU
		{EC6000C5-C7D8-4104-99B2-DE719E79C849}.Release|Any CPU.ActiveCfg = Release|Any CPU
		{EC6000C5-C7D8-4104-99B2-DE719E79C849}.Release|Any CPU.Build.0 = Release|Any CPU
		{53A918D5-370F-48E4-BF1F-4FC092FD0F99}.Debug|Any CPU.ActiveCfg = Debug|Any CPU
		{53A918D5-370F-48E4-BF1F-4FC092FD0F99}.Debug|Any CPU.Build.0 = Debug|Any CPU
		{53A918D5-370F-48E4-BF1F-4FC092FD0F99}.Release|Any CPU.ActiveCfg = Release|Any CPU
		{53A918D5-370F-48E4-BF1F-4FC092FD0F99}.Release|Any CPU.Build.0 = Release|Any CPU
	EndGlobalSection
	GlobalSection(SolutionProperties) = preSolution
		HideSolutionNode = FALSE
	EndGlobalSection
	GlobalSection(ExtensibilityGlobals) = postSolution
		SolutionGuid = {5E1A5536-6A3A-4989-A256-E793E1E57109}
	EndGlobalSection
EndGlobal
